
Microsoft Visual Studio Solution File, Format Version 12.00
# Visual Studio Version 17
VisualStudioVersion = 17.12.35527.113
MinimumVisualStudioVersion = 10.0.40219.1
Project("{2150E333-8FDC-42A3-9474-1A3956D46DE8}") = "BoostAsioTutorial", "BoostAsioTutorial", "{BCB89F56-5AD3-4384-BAB6-524165AF612A}"
EndProject
Project("{8BC9CEB8-8B4A-11D0-8D11-00A0C91BC942}") = "Timer1", "src\BoostAsioTutorial\Timer1\Timer1.vcxproj", "{EB4016D1-09A0-4627-93AC-B2263012E6BD}"
EndProject
Project("{8BC9CEB8-8B4A-11D0-8D11-00A0C91BC942}") = "Timer2", "src\BoostAsioTutorial\Timer2\Timer2.vcxproj", "{F6D6DE90-9156-499A-8F49-13DD7B84CBD6}"
EndProject
Project("{8BC9CEB8-8B4A-11D0-8D11-00A0C91BC942}") = "Timer3", "src\BoostAsioTutorial\Timer3\Timer3.vcxproj", "{757B2643-944C-434D-B31C-432998E89088}"
EndProject
Project("{8BC9CEB8-8B4A-11D0-8D11-00A0C91BC942}") = "Timer4", "src\BoostAsioTutorial\Timer4\Timer4.vcxproj", "{FF396011-20B7-431A-B3D1-4C3DE52D4024}"
EndProject
Project("{8BC9CEB8-8B4A-11D0-8D11-00A0C91BC942}") = "Timer5", "src\BoostAsioTutorial\Timer5\Timer5.vcxproj", "{CDD5BC8E-3B26-4A7B-8D7A-250CDFFD14A9}"
EndProject
Project("{8BC9CEB8-8B4A-11D0-8D11-00A0C91BC942}") = "Daytime1", "src\BoostAsioTutorial\Daytime1\Daytime1.vcxproj", "{94C4034D-C1B2-4B33-97B7-169BED22CE34}"
EndProject
Project("{8BC9CEB8-8B4A-11D0-8D11-00A0C91BC942}") = "Daytime2", "src\BoostAsioTutorial\Daytime2\Daytime2.vcxproj", "{4D0E2DBF-F361-4389-A636-D27AE6010ADE}"
EndProject
Project("{8BC9CEB8-8B4A-11D0-8D11-00A0C91BC942}") = "Daytime3", "src\BoostAsioTutorial\Daytime3\Daytime3.vcxproj", "{B8018A4D-129C-4FCC-988A-1CAEB4E3F1AF}"
EndProject
Project("{8BC9CEB8-8B4A-11D0-8D11-00A0C91BC942}") = "Daytime4", "src\BoostAsioTutorial\Daytime4\Daytime4.vcxproj", "{AFEC5795-736D-4303-B2DA-C8F65E55128F}"
EndProject
Project("{8BC9CEB8-8B4A-11D0-8D11-00A0C91BC942}") = "Daytime5", "src\BoostAsioTutorial\Daytime5\Daytime5.vcxproj", "{58A4E84A-8F71-4A08-ACB7-C7D896DF8EA3}"
EndProject
Project("{8BC9CEB8-8B4A-11D0-8D11-00A0C91BC942}") = "Daytime6", "src\BoostAsioTutorial\Daytime6\Daytime6.vcxproj", "{CFD294FD-E6F7-4ED1-8F04-16A9C6CB248D}"
EndProject
Project("{2150E333-8FDC-42A3-9474-1A3956D46DE8}") = "MmoNetworking", "MmoNetworking", "{1EE4DEA8-D706-4114-A2FA-A016639D7B40}"
EndProject
Project("{8BC9CEB8-8B4A-11D0-8D11-00A0C91BC942}") = "SimpleExample", "src\MmoNetworking\SimpleExample\SimpleExample.vcxproj", "{C2FA9676-C424-4652-8295-4428B0771FA5}"
EndProject
Project("{8BC9CEB8-8B4A-11D0-8D11-00A0C91BC942}") = "NetCommon", "src\MmoNetworking\NetCommon\NetCommon.vcxproj", "{EBDD8A99-B802-49A4-BC51-6635352723F7}"
EndProject
Project("{8BC9CEB8-8B4A-11D0-8D11-00A0C91BC942}") = "Client", "src\MmoNetworking\Client\Client.vcxproj", "{777A76D6-A246-41FB-8660-8883FDD79528}"
	ProjectSection(ProjectDependencies) = postProject
		{EBDD8A99-B802-49A4-BC51-6635352723F7} = {EBDD8A99-B802-49A4-BC51-6635352723F7}
	EndProjectSection
EndProject
Project("{8BC9CEB8-8B4A-11D0-8D11-00A0C91BC942}") = "Server", "src\MmoNetworking\Server\Server.vcxproj", "{B18887A4-AC35-461F-B4C6-7395B2386B97}"
	ProjectSection(ProjectDependencies) = postProject
		{EBDD8A99-B802-49A4-BC51-6635352723F7} = {EBDD8A99-B802-49A4-BC51-6635352723F7}
	EndProjectSection
EndProject
Global
	GlobalSection(SolutionConfigurationPlatforms) = preSolution
		Debug|x64 = Debug|x64
		Debug|x86 = Debug|x86
		Release|x64 = Release|x64
		Release|x86 = Release|x86
	EndGlobalSection
	GlobalSection(ProjectConfigurationPlatforms) = postSolution
		{EB4016D1-09A0-4627-93AC-B2263012E6BD}.Debug|x64.ActiveCfg = Debug|x64
		{EB4016D1-09A0-4627-93AC-B2263012E6BD}.Debug|x64.Build.0 = Debug|x64
		{EB4016D1-09A0-4627-93AC-B2263012E6BD}.Debug|x86.ActiveCfg = Debug|Win32
		{EB4016D1-09A0-4627-93AC-B2263012E6BD}.Debug|x86.Build.0 = Debug|Win32
		{EB4016D1-09A0-4627-93AC-B2263012E6BD}.Release|x64.ActiveCfg = Release|x64
		{EB4016D1-09A0-4627-93AC-B2263012E6BD}.Release|x64.Build.0 = Release|x64
		{EB4016D1-09A0-4627-93AC-B2263012E6BD}.Release|x86.ActiveCfg = Release|Win32
		{EB4016D1-09A0-4627-93AC-B2263012E6BD}.Release|x86.Build.0 = Release|Win32
		{F6D6DE90-9156-499A-8F49-13DD7B84CBD6}.Debug|x64.ActiveCfg = Debug|x64
		{F6D6DE90-9156-499A-8F49-13DD7B84CBD6}.Debug|x64.Build.0 = Debug|x64
		{F6D6DE90-9156-499A-8F49-13DD7B84CBD6}.Debug|x86.ActiveCfg = Debug|Win32
		{F6D6DE90-9156-499A-8F49-13DD7B84CBD6}.Debug|x86.Build.0 = Debug|Win32
		{F6D6DE90-9156-499A-8F49-13DD7B84CBD6}.Release|x64.ActiveCfg = Release|x64
		{F6D6DE90-9156-499A-8F49-13DD7B84CBD6}.Release|x64.Build.0 = Release|x64
		{F6D6DE90-9156-499A-8F49-13DD7B84CBD6}.Release|x86.ActiveCfg = Release|Win32
		{F6D6DE90-9156-499A-8F49-13DD7B84CBD6}.Release|x86.Build.0 = Release|Win32
		{757B2643-944C-434D-B31C-432998E89088}.Debug|x64.ActiveCfg = Debug|x64
		{757B2643-944C-434D-B31C-432998E89088}.Debug|x64.Build.0 = Debug|x64
		{757B2643-944C-434D-B31C-432998E89088}.Debug|x86.ActiveCfg = Debug|Win32
		{757B2643-944C-434D-B31C-432998E89088}.Debug|x86.Build.0 = Debug|Win32
		{757B2643-944C-434D-B31C-432998E89088}.Release|x64.ActiveCfg = Release|x64
		{757B2643-944C-434D-B31C-432998E89088}.Release|x64.Build.0 = Release|x64
		{757B2643-944C-434D-B31C-432998E89088}.Release|x86.ActiveCfg = Release|Win32
		{757B2643-944C-434D-B31C-432998E89088}.Release|x86.Build.0 = Release|Win32
		{FF396011-20B7-431A-B3D1-4C3DE52D4024}.Debug|x64.ActiveCfg = Debug|x64
		{FF396011-20B7-431A-B3D1-4C3DE52D4024}.Debug|x64.Build.0 = Debug|x64
		{FF396011-20B7-431A-B3D1-4C3DE52D4024}.Debug|x86.ActiveCfg = Debug|Win32
		{FF396011-20B7-431A-B3D1-4C3DE52D4024}.Debug|x86.Build.0 = Debug|Win32
		{FF396011-20B7-431A-B3D1-4C3DE52D4024}.Release|x64.ActiveCfg = Release|x64
		{FF396011-20B7-431A-B3D1-4C3DE52D4024}.Release|x64.Build.0 = Release|x64
		{FF396011-20B7-431A-B3D1-4C3DE52D4024}.Release|x86.ActiveCfg = Release|Win32
		{FF396011-20B7-431A-B3D1-4C3DE52D4024}.Release|x86.Build.0 = Release|Win32
		{CDD5BC8E-3B26-4A7B-8D7A-250CDFFD14A9}.Debug|x64.ActiveCfg = Debug|x64
		{CDD5BC8E-3B26-4A7B-8D7A-250CDFFD14A9}.Debug|x64.Build.0 = Debug|x64
		{CDD5BC8E-3B26-4A7B-8D7A-250CDFFD14A9}.Debug|x86.ActiveCfg = Debug|Win32
		{CDD5BC8E-3B26-4A7B-8D7A-250CDFFD14A9}.Debug|x86.Build.0 = Debug|Win32
		{CDD5BC8E-3B26-4A7B-8D7A-250CDFFD14A9}.Release|x64.ActiveCfg = Release|x64
		{CDD5BC8E-3B26-4A7B-8D7A-250CDFFD14A9}.Release|x64.Build.0 = Release|x64
		{CDD5BC8E-3B26-4A7B-8D7A-250CDFFD14A9}.Release|x86.ActiveCfg = Release|Win32
		{CDD5BC8E-3B26-4A7B-8D7A-250CDFFD14A9}.Release|x86.Build.0 = Release|Win32
		{94C4034D-C1B2-4B33-97B7-169BED22CE34}.Debug|x64.ActiveCfg = Debug|x64
		{94C4034D-C1B2-4B33-97B7-169BED22CE34}.Debug|x64.Build.0 = Debug|x64
		{94C4034D-C1B2-4B33-97B7-169BED22CE34}.Debug|x86.ActiveCfg = Debug|Win32
		{94C4034D-C1B2-4B33-97B7-169BED22CE34}.Debug|x86.Build.0 = Debug|Win32
		{94C4034D-C1B2-4B33-97B7-169BED22CE34}.Release|x64.ActiveCfg = Release|x64
		{94C4034D-C1B2-4B33-97B7-169BED22CE34}.Release|x64.Build.0 = Release|x64
		{94C4034D-C1B2-4B33-97B7-169BED22CE34}.Release|x86.ActiveCfg = Release|Win32
		{94C4034D-C1B2-4B33-97B7-169BED22CE34}.Release|x86.Build.0 = Release|Win32
		{4D0E2DBF-F361-4389-A636-D27AE6010ADE}.Debug|x64.ActiveCfg = Debug|x64
		{4D0E2DBF-F361-4389-A636-D27AE6010ADE}.Debug|x64.Build.0 = Debug|x64
		{4D0E2DBF-F361-4389-A636-D27AE6010ADE}.Debug|x86.ActiveCfg = Debug|Win32
		{4D0E2DBF-F361-4389-A636-D27AE6010ADE}.Debug|x86.Build.0 = Debug|Win32
		{4D0E2DBF-F361-4389-A636-D27AE6010ADE}.Release|x64.ActiveCfg = Release|x64
		{4D0E2DBF-F361-4389-A636-D27AE6010ADE}.Release|x64.Build.0 = Release|x64
		{4D0E2DBF-F361-4389-A636-D27AE6010ADE}.Release|x86.ActiveCfg = Release|Win32
		{4D0E2DBF-F361-4389-A636-D27AE6010ADE}.Release|x86.Build.0 = Release|Win32
		{B8018A4D-129C-4FCC-988A-1CAEB4E3F1AF}.Debug|x64.ActiveCfg = Debug|x64
		{B8018A4D-129C-4FCC-988A-1CAEB4E3F1AF}.Debug|x64.Build.0 = Debug|x64
		{B8018A4D-129C-4FCC-988A-1CAEB4E3F1AF}.Debug|x86.ActiveCfg = Debug|Win32
		{B8018A4D-129C-4FCC-988A-1CAEB4E3F1AF}.Debug|x86.Build.0 = Debug|Win32
		{B8018A4D-129C-4FCC-988A-1CAEB4E3F1AF}.Release|x64.ActiveCfg = Release|x64
		{B8018A4D-129C-4FCC-988A-1CAEB4E3F1AF}.Release|x64.Build.0 = Release|x64
		{B8018A4D-129C-4FCC-988A-1CAEB4E3F1AF}.Release|x86.ActiveCfg = Release|Win32
		{B8018A4D-129C-4FCC-988A-1CAEB4E3F1AF}.Release|x86.Build.0 = Release|Win32
		{AFEC5795-736D-4303-B2DA-C8F65E55128F}.Debug|x64.ActiveCfg = Debug|x64
		{AFEC5795-736D-4303-B2DA-C8F65E55128F}.Debug|x64.Build.0 = Debug|x64
		{AFEC5795-736D-4303-B2DA-C8F65E55128F}.Debug|x86.ActiveCfg = Debug|Win32
		{AFEC5795-736D-4303-B2DA-C8F65E55128F}.Debug|x86.Build.0 = Debug|Win32
		{AFEC5795-736D-4303-B2DA-C8F65E55128F}.Release|x64.ActiveCfg = Release|x64
		{AFEC5795-736D-4303-B2DA-C8F65E55128F}.Release|x64.Build.0 = Release|x64
		{AFEC5795-736D-4303-B2DA-C8F65E55128F}.Release|x86.ActiveCfg = Release|Win32
		{AFEC5795-736D-4303-B2DA-C8F65E55128F}.Release|x86.Build.0 = Release|Win32
		{58A4E84A-8F71-4A08-ACB7-C7D896DF8EA3}.Debug|x64.ActiveCfg = Debug|x64
		{58A4E84A-8F71-4A08-ACB7-C7D896DF8EA3}.Debug|x64.Build.0 = Debug|x64
		{58A4E84A-8F71-4A08-ACB7-C7D896DF8EA3}.Debug|x86.ActiveCfg = Debug|Win32
		{58A4E84A-8F71-4A08-ACB7-C7D896DF8EA3}.Debug|x86.Build.0 = Debug|Win32
		{58A4E84A-8F71-4A08-ACB7-C7D896DF8EA3}.Release|x64.ActiveCfg = Release|x64
		{58A4E84A-8F71-4A08-ACB7-C7D896DF8EA3}.Release|x64.Build.0 = Release|x64
		{58A4E84A-8F71-4A08-ACB7-C7D896DF8EA3}.Release|x86.ActiveCfg = Release|Win32
		{58A4E84A-8F71-4A08-ACB7-C7D896DF8EA3}.Release|x86.Build.0 = Release|Win32
		{CFD294FD-E6F7-4ED1-8F04-16A9C6CB248D}.Debug|x64.ActiveCfg = Debug|x64
		{CFD294FD-E6F7-4ED1-8F04-16A9C6CB248D}.Debug|x64.Build.0 = Debug|x64
		{CFD294FD-E6F7-4ED1-8F04-16A9C6CB248D}.Debug|x86.ActiveCfg = Debug|Win32
		{CFD294FD-E6F7-4ED1-8F04-16A9C6CB248D}.Debug|x86.Build.0 = Debug|Win32
		{CFD294FD-E6F7-4ED1-8F04-16A9C6CB248D}.Release|x64.ActiveCfg = Release|x64
		{CFD294FD-E6F7-4ED1-8F04-16A9C6CB248D}.Release|x64.Build.0 = Release|x64
		{CFD294FD-E6F7-4ED1-8F04-16A9C6CB248D}.Release|x86.ActiveCfg = Release|Win32
		{CFD294FD-E6F7-4ED1-8F04-16A9C6CB248D}.Release|x86.Build.0 = Release|Win32
		{C2FA9676-C424-4652-8295-4428B0771FA5}.Debug|x64.ActiveCfg = Debug|x64
		{C2FA9676-C424-4652-8295-4428B0771FA5}.Debug|x64.Build.0 = Debug|x64
		{C2FA9676-C424-4652-8295-4428B0771FA5}.Debug|x86.ActiveCfg = Debug|Win32
		{C2FA9676-C424-4652-8295-4428B0771FA5}.Debug|x86.Build.0 = Debug|Win32
		{C2FA9676-C424-4652-8295-4428B0771FA5}.Release|x64.ActiveCfg = Release|x64
		{C2FA9676-C424-4652-8295-4428B0771FA5}.Release|x64.Build.0 = Release|x64
		{C2FA9676-C424-4652-8295-4428B0771FA5}.Release|x86.ActiveCfg = Release|Win32
		{C2FA9676-C424-4652-8295-4428B0771FA5}.Release|x86.Build.0 = Release|Win32
		{EBDD8A99-B802-49A4-BC51-6635352723F7}.Debug|x64.ActiveCfg = Debug|x64
		{EBDD8A99-B802-49A4-BC51-6635352723F7}.Debug|x64.Build.0 = Debug|x64
		{EBDD8A99-B802-49A4-BC51-6635352723F7}.Debug|x86.ActiveCfg = Debug|Win32
		{EBDD8A99-B802-49A4-BC51-6635352723F7}.Debug|x86.Build.0 = Debug|Win32
		{EBDD8A99-B802-49A4-BC51-6635352723F7}.Release|x64.ActiveCfg = Release|x64
		{EBDD8A99-B802-49A4-BC51-6635352723F7}.Release|x64.Build.0 = Release|x64
		{EBDD8A99-B802-49A4-BC51-6635352723F7}.Release|x86.ActiveCfg = Release|Win32
		{EBDD8A99-B802-49A4-BC51-6635352723F7}.Release|x86.Build.0 = Release|Win32
		{777A76D6-A246-41FB-8660-8883FDD79528}.Debug|x64.ActiveCfg = Debug|x64
		{777A76D6-A246-41FB-8660-8883FDD79528}.Debug|x64.Build.0 = Debug|x64
		{777A76D6-A246-41FB-8660-8883FDD79528}.Debug|x86.ActiveCfg = Debug|Win32
		{777A76D6-A246-41FB-8660-8883FDD79528}.Debug|x86.Build.0 = Debug|Win32
		{777A76D6-A246-41FB-8660-8883FDD79528}.Release|x64.ActiveCfg = Release|x64
		{777A76D6-A246-41FB-8660-8883FDD79528}.Release|x64.Build.0 = Release|x64
		{777A76D6-A246-41FB-8660-8883FDD79528}.Release|x86.ActiveCfg = Release|Win32
		{777A76D6-A246-41FB-8660-8883FDD79528}.Release|x86.Build.0 = Release|Win32
		{B18887A4-AC35-461F-B4C6-7395B2386B97}.Debug|x64.ActiveCfg = Debug|x64
		{B18887A4-AC35-461F-B4C6-7395B2386B97}.Debug|x64.Build.0 = Debug|x64
		{B18887A4-AC35-461F-B4C6-7395B2386B97}.Debug|x86.ActiveCfg = Debug|Win32
		{B18887A4-AC35-461F-B4C6-7395B2386B97}.Debug|x86.Build.0 = Debug|Win32
		{B18887A4-AC35-461F-B4C6-7395B2386B97}.Release|x64.ActiveCfg = Release|x64
		{B18887A4-AC35-461F-B4C6-7395B2386B97}.Release|x64.Build.0 = Release|x64
		{B18887A4-AC35-461F-B4C6-7395B2386B97}.Release|x86.ActiveCfg = Release|Win32
		{B18887A4-AC35-461F-B4C6-7395B2386B97}.Release|x86.Build.0 = Release|Win32
	EndGlobalSection
	GlobalSection(SolutionProperties) = preSolution
		HideSolutionNode = FALSE
	EndGlobalSection
	GlobalSection(NestedProjects) = preSolution
		{EB4016D1-09A0-4627-93AC-B2263012E6BD} = {BCB89F56-5AD3-4384-BAB6-524165AF612A}
		{F6D6DE90-9156-499A-8F49-13DD7B84CBD6} = {BCB89F56-5AD3-4384-BAB6-524165AF612A}
		{757B2643-944C-434D-B31C-432998E89088} = {BCB89F56-5AD3-4384-BAB6-524165AF612A}
		{FF396011-20B7-431A-B3D1-4C3DE52D4024} = {BCB89F56-5AD3-4384-BAB6-524165AF612A}
		{CDD5BC8E-3B26-4A7B-8D7A-250CDFFD14A9} = {BCB89F56-5AD3-4384-BAB6-524165AF612A}
		{94C4034D-C1B2-4B33-97B7-169BED22CE34} = {BCB89F56-5AD3-4384-BAB6-524165AF612A}
		{4D0E2DBF-F361-4389-A636-D27AE6010ADE} = {BCB89F56-5AD3-4384-BAB6-524165AF612A}
		{B8018A4D-129C-4FCC-988A-1CAEB4E3F1AF} = {BCB89F56-5AD3-4384-BAB6-524165AF612A}
		{AFEC5795-736D-4303-B2DA-C8F65E55128F} = {BCB89F56-5AD3-4384-BAB6-524165AF612A}
		{58A4E84A-8F71-4A08-ACB7-C7D896DF8EA3} = {BCB89F56-5AD3-4384-BAB6-524165AF612A}
		{CFD294FD-E6F7-4ED1-8F04-16A9C6CB248D} = {BCB89F56-5AD3-4384-BAB6-524165AF612A}
		{C2FA9676-C424-4652-8295-4428B0771FA5} = {1EE4DEA8-D706-4114-A2FA-A016639D7B40}
		{EBDD8A99-B802-49A4-BC51-6635352723F7} = {1EE4DEA8-D706-4114-A2FA-A016639D7B40}
		{777A76D6-A246-41FB-8660-8883FDD79528} = {1EE4DEA8-D706-4114-A2FA-A016639D7B40}
		{B18887A4-AC35-461F-B4C6-7395B2386B97} = {1EE4DEA8-D706-4114-A2FA-A016639D7B40}
	EndGlobalSection
EndGlobal
