
Microsoft Visual Studio Solution File, Format Version 12.00
# Visual Studio Version 17
VisualStudioVersion = 17.12.35527.113
MinimumVisualStudioVersion = 10.0.40219.1
Project("{2150E333-8FDC-42A3-9474-1A3956D46DE8}") = "BoostAsioTutorial", "BoostAsioTutorial", "{BCB89F56-5AD3-4384-BAB6-524165AF612A}"
EndProject
Project("{8BC9CEB8-8B4A-11D0-8D11-00A0C91BC942}") = "Timer1", "src\BoostAsioTutorial\Timer1\Timer1.vcxproj", "{EB4016D1-09A0-4627-93AC-B2263012E6BD}"
EndProject
Project("{8BC9CEB8-8B4A-11D0-8D11-00A0C91BC942}") = "Timer2", "src\BoostAsioTutorial\Timer2\Timer2.vcxproj", "{F6D6DE90-9156-499A-8F49-13DD7B84CBD6}"
EndProject
Project("{8BC9CEB8-8B4A-11D0-8D11-00A0C91BC942}") = "Timer3", "src\BoostAsioTutorial\Timer3\Timer3.vcxproj", "{757B2643-944C-434D-B31C-432998E89088}"
EndProject
Project("{8BC9CEB8-8B4A-11D0-8D11-00A0C91BC942}") = "Timer4", "src\BoostAsioTutorial\Timer4\Timer4.vcxproj", "{FF396011-20B7-431A-B3D1-4C3DE52D4024}"
EndProject
Global
	GlobalSection(SolutionConfigurationPlatforms) = preSolution
		Debug|x64 = Debug|x64
		Debug|x86 = Debug|x86
		Release|x64 = Release|x64
		Release|x86 = Release|x86
	EndGlobalSection
	GlobalSection(ProjectConfigurationPlatforms) = postSolution
		{EB4016D1-09A0-4627-93AC-B2263012E6BD}.Debug|x64.ActiveCfg = Debug|x64
		{EB4016D1-09A0-4627-93AC-B2263012E6BD}.Debug|x64.Build.0 = Debug|x64
		{EB4016D1-09A0-4627-93AC-B2263012E6BD}.Debug|x86.ActiveCfg = Debug|Win32
		{EB4016D1-09A0-4627-93AC-B2263012E6BD}.Debug|x86.Build.0 = Debug|Win32
		{EB4016D1-09A0-4627-93AC-B2263012E6BD}.Release|x64.ActiveCfg = Release|x64
		{EB4016D1-09A0-4627-93AC-B2263012E6BD}.Release|x64.Build.0 = Release|x64
		{EB4016D1-09A0-4627-93AC-B2263012E6BD}.Release|x86.ActiveCfg = Release|Win32
		{EB4016D1-09A0-4627-93AC-B2263012E6BD}.Release|x86.Build.0 = Release|Win32
		{F6D6DE90-9156-499A-8F49-13DD7B84CBD6}.Debug|x64.ActiveCfg = Debug|x64
		{F6D6DE90-9156-499A-8F49-13DD7B84CBD6}.Debug|x64.Build.0 = Debug|x64
		{F6D6DE90-9156-499A-8F49-13DD7B84CBD6}.Debug|x86.ActiveCfg = Debug|Win32
		{F6D6DE90-9156-499A-8F49-13DD7B84CBD6}.Debug|x86.Build.0 = Debug|Win32
		{F6D6DE90-9156-499A-8F49-13DD7B84CBD6}.Release|x64.ActiveCfg = Release|x64
		{F6D6DE90-9156-499A-8F49-13DD7B84CBD6}.Release|x64.Build.0 = Release|x64
		{F6D6DE90-9156-499A-8F49-13DD7B84CBD6}.Release|x86.ActiveCfg = Release|Win32
		{F6D6DE90-9156-499A-8F49-13DD7B84CBD6}.Release|x86.Build.0 = Release|Win32
		{757B2643-944C-434D-B31C-432998E89088}.Debug|x64.ActiveCfg = Debug|x64
		{757B2643-944C-434D-B31C-432998E89088}.Debug|x64.Build.0 = Debug|x64
		{757B2643-944C-434D-B31C-432998E89088}.Debug|x86.ActiveCfg = Debug|Win32
		{757B2643-944C-434D-B31C-432998E89088}.Debug|x86.Build.0 = Debug|Win32
		{757B2643-944C-434D-B31C-432998E89088}.Release|x64.ActiveCfg = Release|x64
		{757B2643-944C-434D-B31C-432998E89088}.Release|x64.Build.0 = Release|x64
		{757B2643-944C-434D-B31C-432998E89088}.Release|x86.ActiveCfg = Release|Win32
		{757B2643-944C-434D-B31C-432998E89088}.Release|x86.Build.0 = Release|Win32
		{FF396011-20B7-431A-B3D1-4C3DE52D4024}.Debug|x64.ActiveCfg = Debug|x64
		{FF396011-20B7-431A-B3D1-4C3DE52D4024}.Debug|x64.Build.0 = Debug|x64
		{FF396011-20B7-431A-B3D1-4C3DE52D4024}.Debug|x86.ActiveCfg = Debug|Win32
		{FF396011-20B7-431A-B3D1-4C3DE52D4024}.Debug|x86.Build.0 = Debug|Win32
		{FF396011-20B7-431A-B3D1-4C3DE52D4024}.Release|x64.ActiveCfg = Release|x64
		{FF396011-20B7-431A-B3D1-4C3DE52D4024}.Release|x64.Build.0 = Release|x64
		{FF396011-20B7-431A-B3D1-4C3DE52D4024}.Release|x86.ActiveCfg = Release|Win32
		{FF396011-20B7-431A-B3D1-4C3DE52D4024}.Release|x86.Build.0 = Release|Win32
	EndGlobalSection
	GlobalSection(SolutionProperties) = preSolution
		HideSolutionNode = FALSE
	EndGlobalSection
	GlobalSection(NestedProjects) = preSolution
		{EB4016D1-09A0-4627-93AC-B2263012E6BD} = {BCB89F56-5AD3-4384-BAB6-524165AF612A}
		{F6D6DE90-9156-499A-8F49-13DD7B84CBD6} = {BCB89F56-5AD3-4384-BAB6-524165AF612A}
		{757B2643-944C-434D-B31C-432998E89088} = {BCB89F56-5AD3-4384-BAB6-524165AF612A}
		{FF396011-20B7-431A-B3D1-4C3DE52D4024} = {BCB89F56-5AD3-4384-BAB6-524165AF612A}
	EndGlobalSection
EndGlobal
